
Microsoft Visual Studio Solution File, Format Version 12.00
# Visual Studio Version 17
VisualStudioVersion = 17.9.34622.214
MinimumVisualStudioVersion = 10.0.40219.1
Project("{9A19103F-16F7-4668-BE54-9A1E7A4F7556}") = "ObligatorioUI", "ObligatorioUI\ObligatorioUI.csproj", "{B8C08247-B5E3-407F-9972-B30CA1BCCC02}"
EndProject
Project("{9A19103F-16F7-4668-BE54-9A1E7A4F7556}") = "Dominio", "Dominio\Dominio.csproj", "{263498E2-C591-4254-9C1A-014A73251800}"
EndProject
Project("{FAE04EC0-301F-11D3-BF4B-00C04F79EFBC}") = "WebApp", "WebApp\WebApp.csproj", "{C1135001-F8E4-46E9-9831-AE7A9F4F92C9}"
EndProject
Global
	GlobalSection(SolutionConfigurationPlatforms) = preSolution
		Debug|Any CPU = Debug|Any CPU
		Release|Any CPU = Release|Any CPU
	EndGlobalSection
	GlobalSection(ProjectConfigurationPlatforms) = postSolution
		{B8C08247-B5E3-407F-9972-B30CA1BCCC02}.Debug|Any CPU.ActiveCfg = Debug|Any CPU
		{B8C08247-B5E3-407F-9972-B30CA1BCCC02}.Debug|Any CPU.Build.0 = Debug|Any CPU
		{B8C08247-B5E3-407F-9972-B30CA1BCCC02}.Release|Any CPU.ActiveCfg = Release|Any CPU
		{B8C08247-B5E3-407F-9972-B30CA1BCCC02}.Release|Any CPU.Build.0 = Release|Any CPU
		{263498E2-C591-4254-9C1A-014A73251800}.Debug|Any CPU.ActiveCfg = Debug|Any CPU
		{263498E2-C591-4254-9C1A-014A73251800}.Debug|Any CPU.Build.0 = Debug|Any CPU
		{263498E2-C591-4254-9C1A-014A73251800}.Release|Any CPU.ActiveCfg = Release|Any CPU
		{263498E2-C591-4254-9C1A-014A73251800}.Release|Any CPU.Build.0 = Release|Any CPU
		{C1135001-F8E4-46E9-9831-AE7A9F4F92C9}.Debug|Any CPU.ActiveCfg = Debug|Any CPU
		{C1135001-F8E4-46E9-9831-AE7A9F4F92C9}.Debug|Any CPU.Build.0 = Debug|Any CPU
		{C1135001-F8E4-46E9-9831-AE7A9F4F92C9}.Release|Any CPU.ActiveCfg = Release|Any CPU
		{C1135001-F8E4-46E9-9831-AE7A9F4F92C9}.Release|Any CPU.Build.0 = Release|Any CPU
	EndGlobalSection
	GlobalSection(SolutionProperties) = preSolution
		HideSolutionNode = FALSE
	EndGlobalSection
	GlobalSection(ExtensibilityGlobals) = postSolution
		SolutionGuid = {288950B3-1D54-4DFF-AD2C-1AE37AB235E6}
	EndGlobalSection
EndGlobal
